<?xml version="1.0" encoding="UTF-8" standalone="yes" ?>
<CodeBlocks_project_file>
	<FileVersion major="1" minor="6" />
	<Project>
		<Option title="ProjectAlias" />
		<Option pch_mode="2" />
		<Option compiler="gcc" />
		<Build>
			<Target title="Debug_Win">
				<Option output="bin/Debug/ProjectAlias" prefix_auto="1" extension_auto="1" />
				<Option object_output="obj/Debug/" />
				<Option type="1" />
				<Option compiler="gcc" />
				<Compiler>
					<Add option="-g" />
					<Add option="-std=c99" />
					<Add option="-DCURL_STATICLIB" />
					<Add directory="ProjectAlias/Includes" />
				</Compiler>
			</Target>
			<Target title="Release_Win">
				<Option output="bin/Release/ProjectAlias" prefix_auto="1" extension_auto="1" />
				<Option object_output="obj/Release/" />
				<Option type="1" />
				<Option compiler="gcc" />
				<Compiler>
					<Add option="-O2" />
					<Add directory="ProjectAlias/Includes" />
				</Compiler>
				<Linker>
					<Add option="-s" />
				</Linker>
			</Target>
			<Target title="Debug_linux">
				<Option output="bin/Debug/ProjectAlias" prefix_auto="1" extension_auto="1" />
				<Option object_output="obj/Debug/" />
				<Option type="1" />
				<Option compiler="gcc" />
				<Compiler>
					<Add option="-g" />
					<Add option="-std=c99" />
					<Add option="-DCURL_STATICLIB" />
					<Add directory="ProjectAlias/Includes" />
				</Compiler>
				<Linker>
					<Add library="pthread" />
				</Linker>
			</Target>
			<Target title="Release_linux">
				<Option output="bin/Release/ProjectAlias" prefix_auto="1" extension_auto="1" />
				<Option object_output="obj/Release/" />
				<Option type="1" />
				<Option compiler="gcc" />
				<Compiler>
					<Add option="-O2" />
					<Add option="-std=c99 -pthread" />
					<Add directory="ProjectAlias/Includes" />
				</Compiler>
				<Linker>
					<Add option="-s" />
				</Linker>
			</Target>
		</Build>
		<Compiler>
			<Add option="-Wall" />
			<Add option="-DCURL_STATICLIB" />
			<Add directory="ProjectAlias/Deps/curl-7.40.0-devel-mingw64/include" />
			<Add directory="ProjectAlias/Includes" />
		</Compiler>
		<Linker>
			<Add option="-static" />
			<Add library="ProjectAlias/Deps/curl/lib64/libz.a" />
			<Add library="ProjectAlias/Deps/curl/lib64/libssl.a" />
			<Add library="ProjectAlias/Deps/curl/lib64/libssh2.a" />
			<Add library="ProjectAlias/Deps/curl/lib64/librtmp.a" />
			<Add library="ProjectAlias/Deps/curl/lib64/libcurl.a" />
			<Add library="ProjectAlias/Deps/curl/lib64/libcrypto.a" />
			<Add directory="ProjectAlias/Deps/curl-7.40.0-devel-mingw64/lib64" />
		</Linker>
		<Unit filename="ProjectAlias/Deps/curl/include/config-win32.h" />
		<Unit filename="ProjectAlias/Deps/curl/include/curl/curl.h" />
		<Unit filename="ProjectAlias/Deps/curl/include/curl/curlbuild.h" />
		<Unit filename="ProjectAlias/Deps/curl/include/curl/curlrules.h" />
		<Unit filename="ProjectAlias/Deps/curl/include/curl/curlver.h" />
		<Unit filename="ProjectAlias/Deps/curl/include/curl/easy.h" />
		<Unit filename="ProjectAlias/Deps/curl/include/curl/mprintf.h" />
		<Unit filename="ProjectAlias/Deps/curl/include/curl/multi.h" />
		<Unit filename="ProjectAlias/Deps/curl/include/curl/stdcheaders.h" />
		<Unit filename="ProjectAlias/Deps/curl/include/curl/typecheck-gcc.h" />
		<Unit filename="ProjectAlias/Deps/curl/include/libssh2_config.h" />
		<Unit filename="ProjectAlias/Includes/Global.h" />
		<Unit filename="ProjectAlias/Includes/PA_algo.h" />
		<Unit filename="ProjectAlias/Includes/PA_device.h" />
		<Unit filename="ProjectAlias/Includes/PA_observe.h" />
		<Unit filename="ProjectAlias/Includes/PA_server.h" />
		<Unit filename="ProjectAlias/Includes/PA_threading.h" />
		<Unit filename="ProjectAlias/Includes/PA_util.h" />
		<Unit filename="ProjectAlias/Includes/pa_adt.h" />
		<Unit filename="ProjectAlias/Source/Net/PA_server.c">
			<Option compilerVar="CC" />
		</Unit>
		<Unit filename="ProjectAlias/Source/System/PA_device.c">
			<Option compilerVar="CC" />
		</Unit>
		<Unit filename="ProjectAlias/Source/System/pa_adt.c">
			<Option compilerVar="CC" />
		</Unit>
		<Unit filename="ProjectAlias/Source/Utility/PA_algo.c">
			<Option compilerVar="CC" />
		</Unit>
		<Unit filename="ProjectAlias/Source/Utility/PA_threading.c">
			<Option compilerVar="CC" />
		</Unit>
		<Unit filename="ProjectAlias/Source/Utility/PA_util.c">
			<Option compilerVar="CC" />
		</Unit>
		<Unit filename="ProjectAlias/Source/main.c">
			<Option compilerVar="CC" />
		</Unit>
		<Extensions>
			<code_completion />
			<debugger />
			<envvars />
		</Extensions>
	</Project>
</CodeBlocks_project_file>
